{
  "version": 1,
  "dependencies": {
    "net8.0-windows7.0": {
      "Microsoft.NET.Test.Sdk": {
        "type": "Direct",
        "requested": "[18.9.0, )",
        "resolved": "18.9.0",
        "contentHash": "xIzVXa/VpKXqDWzyC/5Hw8JbFY5u9k3Jc53CpcjBiOXvkQGio484LD9FNwOiGUSMDcYL3Rcw9sNgGi5WrswlPQ==",
        "dependencies": {
          "Microsoft.CodeCoverage": "18.9.0",
          "Microsoft.TestPlatform.TestHost": "18.9.0"
        }
      },
      "MSTest.TestAdapter": {
        "type": "Direct",
        "requested": "[3.6.4, )",
        "resolved": "3.6.4",
        "contentHash": "YdwseRA+nDhRqD2oPHjCE4KzLEN5B10A61lOslE3N3OvUwHJ6ezyZZjYWf7mrZ8jckCcx/UlBclTzgWUpMpPQw==",
        "dependencies": {
          "Microsoft.Testing.Extensions.VSTestBridge": "1.4.3",
          "Microsoft.Testing.Platform.MSBuild": "1.4.3"
        }
      },
      "MSTest.TestFramework": {
        "type": "Direct",
        "requested": "[3.6.4, )",
        "resolved": "3.6.4",
        "contentHash": "3nV+2CJluKmiJpCSqQfXu5idCq35+vqFywjScyauTIz0Zk7KJw7Qpzv8gtwow0To7pxIlIvwkq9rbMB+V6eOow=="
      },
      "Microsoft.ApplicationInsights": {
        "type": "Transitive",
        "resolved": "2.22.0",
        "contentHash": "3AOM9bZtku7RQwHyMEY3tQMrHIgjcfRDa6YQpd/QG2LDGvMydSlL9Di+8LLMt7J2RDdfJ7/2jdYv6yHcMJAnNw==",
        "dependencies": {
          "System.Diagnostics.DiagnosticSource": "5.0.0"
        }
      },
      "Microsoft.CodeCoverage": {
        "type": "Transitive",
        "resolved": "18.9.0",
        "contentHash": "MtegCIKGuG0r/LCdIjoR1HgzCGIUBhR3aNdbtQpts5vMXQuqBDZ2Jsd2uFKoHFM2XrQV6ZrDf3F5oLi3SLTp8w=="
      },
      "Microsoft.Testing.Extensions.Telemetry": {
        "type": "Transitive",
        "resolved": "1.4.3",
        "contentHash": "dh8jnqWikxQXJ4kWy8B82PtSAlQCnvDKh1128arDmSW5OU5xWA84HwruV3TanXi3ZjIHn1wWFCgtMOhcDNwBow==",
        "dependencies": {
          "Microsoft.ApplicationInsights": "2.22.0",
          "Microsoft.Testing.Platform": "1.4.3"
        }
      },
      "Microsoft.Testing.Extensions.TrxReport.Abstractions": {
        "type": "Transitive",
        "resolved": "1.4.3",
        "contentHash": "16sWznD6ZMok/zgW+vrO6zerCFMD9N+ey9bi1iV/e9xxsQb4V4y/aW6cY/Y7E9jA7pc+aZ6ffZby43yxQOoYZA==",
        "dependencies": {
          "Microsoft.Testing.Platform": "1.4.3"
        }
      },
      "Microsoft.Testing.Extensions.VSTestBridge": {
        "type": "Transitive",
        "resolved": "1.4.3",
        "contentHash": "xZ6oyNYh2aM5Wb+HJAy1fj2C4CNRVhINXHCjlWs/2C8hEIpdqVSpP3y6HWUN40KpFqyGD4myHGR1Rflm28UpcQ==",
        "dependencies": {
          "Microsoft.ApplicationInsights": "2.22.0",
          "Microsoft.TestPlatform.ObjectModel": "17.11.1",
          "Microsoft.Testing.Extensions.Telemetry": "1.4.3",
          "Microsoft.Testing.Extensions.TrxReport.Abstractions": "1.4.3",
          "Microsoft.Testing.Platform": "1.4.3"
        }
      },
      "Microsoft.Testing.Platform": {
        "type": "Transitive",
        "resolved": "1.4.3",
        "contentHash": "NedIbwl1T7+ZMeg7gwk0Db8/RFLf0siyVpeTcRMMOle6Xl/ujaYOM4Aduo8rEfVqNj3kcQ7blegpyT3dHi+0PA=="
      },
      "Microsoft.Testing.Platform.MSBuild": {
        "type": "Transitive",
        "resolved": "1.4.3",
        "contentHash": "1gGqgHtiZ6tZn/6Tby+qlKpNe5Ye/5LnxlSsyl4XMZ4m4V+Cu1K1m+gD1zxoxHIvLjgX8mCnQRK95MGBBFuumw==",
        "dependencies": {
          "Microsoft.Testing.Platform": "1.4.3"
        }
      },
      "Microsoft.TestPlatform.ObjectModel": {
        "type": "Transitive",
        "resolved": "18.9.0",
        "contentHash": "Fz/qXC52VXXopzHj7v2reCKcCqSxkTDCkEDfkNAH0vni/7qK/KLMiEYtRmnUanxO2F2g2zZZ60qCpxF0AF7URA=="
      },
      "Microsoft.TestPlatform.TestHost": {
        "type": "Transitive",
        "resolved": "18.9.0",
        "contentHash": "Oq+Pma/J86aZL72t71bcESvDszDsTjUfl6PIsuDdPoKTHZfNMhKamCfLD5fKx51W/u0KozXtJo2/3fnt0sgPxg==",
        "dependencies": {
          "Microsoft.TestPlatform.ObjectModel": "18.9.0"
        }
      },
      "System.CodeDom": {
        "type": "Transitive",
        "resolved": "8.0.0",
        "contentHash": "WTlRjL6KWIMr/pAaq3rYqh0TJlzpouaQ/W1eelssHgtlwHAH25jXTkUphTYx9HaIIf7XA6qs/0+YhtLEQRkJ+Q=="
      },
      "System.Diagnostics.DiagnosticSource": {
        "type": "Transitive",
        "resolved": "5.0.0",
        "contentHash": "tCQTzPsGZh/A9LhhA6zrqCRV4hOHsK90/G7q3Khxmn6tnB1PuNU0cRaKANP2AWcF9bn0zsuOoZOSrHuJk6oNBA=="
      },
      "System.Management": {
        "type": "Transitive",
        "resolved": "8.0.0",
        "contentHash": "jrK22i5LRzxZCfGb+tGmke2VH7oE0DvcDlJ1HAKYU8cPmD8XnpUT0bYn2Gy98GEhGjtfbR/sxKTVb+dE770pfA==",
        "dependencies": {
          "System.CodeDom": "8.0.0"
        }
      },
      "RosterCompanion": {
        "type": "Project",
        "dependencies": {
          "System.Management": "[8.0.0, )"
        }
      }
    }
  }
}